// !$*UTF8*$!
{
	archiveVersion = 1;
	classes = {
	};
	objectVersion = 50;
	objects = {

/* Begin PBXBuildFile section */
		A903F93E20AA4FC300D94A14 /* CameraHandler.swift in Sources */ = {isa = PBXBuildFile; fileRef = A903F93D20AA4FC300D94A14 /* CameraHandler.swift */; };
		A929283220D69EB80086EEEC /* Tag.swift in Sources */ = {isa = PBXBuildFile; fileRef = A929283120D69EB80086EEEC /* Tag.swift */; };
		A92A937C20F23F4E00EF8480 /* DBInterface.swift in Sources */ = {isa = PBXBuildFile; fileRef = A92A937B20F23F4E00EF8480 /* DBInterface.swift */; };
		A92E084E20C2CD46007217A5 /* MapViewController.swift in Sources */ = {isa = PBXBuildFile; fileRef = A92E084D20C2CD46007217A5 /* MapViewController.swift */; };
		A92E085020C45051007217A5 /* LandingPageViewController.swift in Sources */ = {isa = PBXBuildFile; fileRef = A92E084F20C45051007217A5 /* LandingPageViewController.swift */; };
		A93377CF20BA20E1003D95C5 /* xbutton.png in Resources */ = {isa = PBXBuildFile; fileRef = A93377CE20BA20E1003D95C5 /* xbutton.png */; };
		A9356FCE20E7CCE300D596C1 /* RestaurantVC.swift in Sources */ = {isa = PBXBuildFile; fileRef = A9356FCD20E7CCE300D596C1 /* RestaurantVC.swift */; };
		A9356FD220E7CE2D00D596C1 /* RestaurantSummaryTVC.swift in Sources */ = {isa = PBXBuildFile; fileRef = A9356FD120E7CE2D00D596C1 /* RestaurantSummaryTVC.swift */; };
		A9356FD420E8403600D596C1 /* MenuItem.swift in Sources */ = {isa = PBXBuildFile; fileRef = A9356FD320E8403600D596C1 /* MenuItem.swift */; };
		A9356FD620E916A100D596C1 /* MenuItemViewController.swift in Sources */ = {isa = PBXBuildFile; fileRef = A9356FD520E916A100D596C1 /* MenuItemViewController.swift */; };
		A947578520A7A0AF003FE19E /* Restaurant.swift in Sources */ = {isa = PBXBuildFile; fileRef = A947578420A7A0AF003FE19E /* Restaurant.swift */; };
		A947578920A7AB41003FE19E /* LoginViewController.swift in Sources */ = {isa = PBXBuildFile; fileRef = A947578820A7AB41003FE19E /* LoginViewController.swift */; };
		A947578B20A7ABA3003FE19E /* RegisterViewController.swift in Sources */ = {isa = PBXBuildFile; fileRef = A947578A20A7ABA3003FE19E /* RegisterViewController.swift */; };
		A94EF9F3209E6A6800443AB3 /* AppDelegate.swift in Sources */ = {isa = PBXBuildFile; fileRef = A94EF9F2209E6A6800443AB3 /* AppDelegate.swift */; };
		A94EF9F5209E6A6800443AB3 /* MemoRappViewController.swift in Sources */ = {isa = PBXBuildFile; fileRef = A94EF9F4209E6A6800443AB3 /* MemoRappViewController.swift */; };
		A94EF9F8209E6A6800443AB3 /* Main.storyboard in Resources */ = {isa = PBXBuildFile; fileRef = A94EF9F6209E6A6800443AB3 /* Main.storyboard */; };
		A94EF9FA209E6A6900443AB3 /* Assets.xcassets in Resources */ = {isa = PBXBuildFile; fileRef = A94EF9F9209E6A6900443AB3 /* Assets.xcassets */; };
		A94EF9FD209E6A6900443AB3 /* LaunchScreen.storyboard in Resources */ = {isa = PBXBuildFile; fileRef = A94EF9FB209E6A6900443AB3 /* LaunchScreen.storyboard */; };
		A96E1F1620B1A3580095C21E /* LocationTableViewController.swift in Sources */ = {isa = PBXBuildFile; fileRef = A96E1F1520B1A3580095C21E /* LocationTableViewController.swift */; };
		A97688B420D53F070032287D /* TagsViewController.swift in Sources */ = {isa = PBXBuildFile; fileRef = A97688B320D53F070032287D /* TagsViewController.swift */; };
		A976F2D620B2024F00F3E604 /* Location.swift in Sources */ = {isa = PBXBuildFile; fileRef = A976F2D520B2024F00F3E604 /* Location.swift */; };
		A9B2B1E620BC391400D5AB7F /* PhotoItem.swift in Sources */ = {isa = PBXBuildFile; fileRef = A9B2B1E520BC391400D5AB7F /* PhotoItem.swift */; };
		A9B2B1E820BC3BB000D5AB7F /* PhotoItemTableViewCell.swift in Sources */ = {isa = PBXBuildFile; fileRef = A9B2B1E720BC3BB000D5AB7F /* PhotoItemTableViewCell.swift */; };
		A9B5AF6B20CDEB2600806F7B /* RestaurantTVC.swift in Sources */ = {isa = PBXBuildFile; fileRef = A9B5AF6A20CDEB2600806F7B /* RestaurantTVC.swift */; };
		A9B5AF6D20CE19C200806F7B /* DatePickerViewController.swift in Sources */ = {isa = PBXBuildFile; fileRef = A9B5AF6C20CE19C200806F7B /* DatePickerViewController.swift */; };
		A9BCD13B20A71FD70083BBF7 /* RestaurantReviewViewController.swift in Sources */ = {isa = PBXBuildFile; fileRef = A9BCD13A20A71FD70083BBF7 /* RestaurantReviewViewController.swift */; };
		A9BCD13D20A732BB0083BBF7 /* FoodTypeTableViewController.swift in Sources */ = {isa = PBXBuildFile; fileRef = A9BCD13C20A732BB0083BBF7 /* FoodTypeTableViewController.swift */; };
		A9BCD13F20A794890083BBF7 /* GoogleService-Info.plist in Resources */ = {isa = PBXBuildFile; fileRef = A9BCD13E20A794890083BBF7 /* GoogleService-Info.plist */; };
		A9CF0E9D20FB7E0E00B6BFCB /* menuItemCustomCell.swift in Sources */ = {isa = PBXBuildFile; fileRef = A9CF0E9B20FB7E0E00B6BFCB /* menuItemCustomCell.swift */; };
		A9CF0E9E20FB7E0E00B6BFCB /* menuItemCustomCell.xib in Resources */ = {isa = PBXBuildFile; fileRef = A9CF0E9C20FB7E0E00B6BFCB /* menuItemCustomCell.xib */; };
		A9E3AF0320C743220027BF06 /* RestaurantViewController.swift in Sources */ = {isa = PBXBuildFile; fileRef = A9E3AF0220C743220027BF06 /* RestaurantViewController.swift */; };
		A9E3AF0520CB00970027BF06 /* RestaurantVisit.swift in Sources */ = {isa = PBXBuildFile; fileRef = A9E3AF0420CB00970027BF06 /* RestaurantVisit.swift */; };
		B2A991AA84B304D13F74C8E6 /* Pods_mr0.framework in Frameworks */ = {isa = PBXBuildFile; fileRef = 06DBC85C18745294B11BA196 /* Pods_mr0.framework */; };
/* End PBXBuildFile section */

/* Begin PBXFileReference section */
		06DBC85C18745294B11BA196 /* Pods_mr0.framework */ = {isa = PBXFileReference; explicitFileType = wrapper.framework; includeInIndex = 0; path = Pods_mr0.framework; sourceTree = BUILT_PRODUCTS_DIR; };
		A903F93D20AA4FC300D94A14 /* CameraHandler.swift */ = {isa = PBXFileReference; lastKnownFileType = sourcecode.swift; path = CameraHandler.swift; sourceTree = "<group>"; };
		A929283120D69EB80086EEEC /* Tag.swift */ = {isa = PBXFileReference; lastKnownFileType = sourcecode.swift; path = Tag.swift; sourceTree = "<group>"; };
		A92A937B20F23F4E00EF8480 /* DBInterface.swift */ = {isa = PBXFileReference; lastKnownFileType = sourcecode.swift; path = DBInterface.swift; sourceTree = "<group>"; };
		A92E084D20C2CD46007217A5 /* MapViewController.swift */ = {isa = PBXFileReference; lastKnownFileType = sourcecode.swift; path = MapViewController.swift; sourceTree = "<group>"; };
		A92E084F20C45051007217A5 /* LandingPageViewController.swift */ = {isa = PBXFileReference; lastKnownFileType = sourcecode.swift; path = LandingPageViewController.swift; sourceTree = "<group>"; };
		A93377CE20BA20E1003D95C5 /* xbutton.png */ = {isa = PBXFileReference; lastKnownFileType = image.png; path = xbutton.png; sourceTree = "<group>"; };
		A9356FCD20E7CCE300D596C1 /* RestaurantVC.swift */ = {isa = PBXFileReference; lastKnownFileType = sourcecode.swift; path = RestaurantVC.swift; sourceTree = "<group>"; };
		A9356FD120E7CE2D00D596C1 /* RestaurantSummaryTVC.swift */ = {isa = PBXFileReference; lastKnownFileType = sourcecode.swift; path = RestaurantSummaryTVC.swift; sourceTree = "<group>"; };
		A9356FD320E8403600D596C1 /* MenuItem.swift */ = {isa = PBXFileReference; lastKnownFileType = sourcecode.swift; path = MenuItem.swift; sourceTree = "<group>"; };
		A9356FD520E916A100D596C1 /* MenuItemViewController.swift */ = {isa = PBXFileReference; lastKnownFileType = sourcecode.swift; path = MenuItemViewController.swift; sourceTree = "<group>"; };
		A947578420A7A0AF003FE19E /* Restaurant.swift */ = {isa = PBXFileReference; lastKnownFileType = sourcecode.swift; path = Restaurant.swift; sourceTree = "<group>"; };
		A947578820A7AB41003FE19E /* LoginViewController.swift */ = {isa = PBXFileReference; lastKnownFileType = sourcecode.swift; path = LoginViewController.swift; sourceTree = "<group>"; };
		A947578A20A7ABA3003FE19E /* RegisterViewController.swift */ = {isa = PBXFileReference; lastKnownFileType = sourcecode.swift; path = RegisterViewController.swift; sourceTree = "<group>"; };
		A94EF9EF209E6A6800443AB3 /* mr0.app */ = {isa = PBXFileReference; explicitFileType = wrapper.application; includeInIndex = 0; path = mr0.app; sourceTree = BUILT_PRODUCTS_DIR; };
		A94EF9F2209E6A6800443AB3 /* AppDelegate.swift */ = {isa = PBXFileReference; lastKnownFileType = sourcecode.swift; path = AppDelegate.swift; sourceTree = "<group>"; };
		A94EF9F4209E6A6800443AB3 /* MemoRappViewController.swift */ = {isa = PBXFileReference; lastKnownFileType = sourcecode.swift; path = MemoRappViewController.swift; sourceTree = "<group>"; };
		A94EF9F7209E6A6800443AB3 /* Base */ = {isa = PBXFileReference; lastKnownFileType = file.storyboard; name = Base; path = Base.lproj/Main.storyboard; sourceTree = "<group>"; };
		A94EF9F9209E6A6900443AB3 /* Assets.xcassets */ = {isa = PBXFileReference; lastKnownFileType = folder.assetcatalog; path = Assets.xcassets; sourceTree = "<group>"; };
		A94EF9FC209E6A6900443AB3 /* Base */ = {isa = PBXFileReference; lastKnownFileType = file.storyboard; name = Base; path = Base.lproj/LaunchScreen.storyboard; sourceTree = "<group>"; };
		A94EF9FE209E6A6900443AB3 /* Info.plist */ = {isa = PBXFileReference; lastKnownFileType = text.plist.xml; path = Info.plist; sourceTree = "<group>"; };
		A96E1F1520B1A3580095C21E /* LocationTableViewController.swift */ = {isa = PBXFileReference; lastKnownFileType = sourcecode.swift; path = LocationTableViewController.swift; sourceTree = "<group>"; };
		A97688B320D53F070032287D /* TagsViewController.swift */ = {isa = PBXFileReference; lastKnownFileType = sourcecode.swift; path = TagsViewController.swift; sourceTree = "<group>"; };
		A976F2D520B2024F00F3E604 /* Location.swift */ = {isa = PBXFileReference; lastKnownFileType = sourcecode.swift; path = Location.swift; sourceTree = "<group>"; };
		A9B2B1E520BC391400D5AB7F /* PhotoItem.swift */ = {isa = PBXFileReference; lastKnownFileType = sourcecode.swift; path = PhotoItem.swift; sourceTree = "<group>"; };
		A9B2B1E720BC3BB000D5AB7F /* PhotoItemTableViewCell.swift */ = {isa = PBXFileReference; lastKnownFileType = sourcecode.swift; path = PhotoItemTableViewCell.swift; sourceTree = "<group>"; };
		A9B5AF6A20CDEB2600806F7B /* RestaurantTVC.swift */ = {isa = PBXFileReference; lastKnownFileType = sourcecode.swift; path = RestaurantTVC.swift; sourceTree = "<group>"; };
		A9B5AF6C20CE19C200806F7B /* DatePickerViewController.swift */ = {isa = PBXFileReference; lastKnownFileType = sourcecode.swift; path = DatePickerViewController.swift; sourceTree = "<group>"; };
		A9BCD13A20A71FD70083BBF7 /* RestaurantReviewViewController.swift */ = {isa = PBXFileReference; lastKnownFileType = sourcecode.swift; path = RestaurantReviewViewController.swift; sourceTree = "<group>"; };
		A9BCD13C20A732BB0083BBF7 /* FoodTypeTableViewController.swift */ = {isa = PBXFileReference; lastKnownFileType = sourcecode.swift; path = FoodTypeTableViewController.swift; sourceTree = "<group>"; };
		A9BCD13E20A794890083BBF7 /* GoogleService-Info.plist */ = {isa = PBXFileReference; fileEncoding = 4; lastKnownFileType = text.plist.xml; name = "GoogleService-Info.plist"; path = "../../../../../Downloads/GoogleService-Info.plist"; sourceTree = "<group>"; };
		A9CF0E9B20FB7E0E00B6BFCB /* menuItemCustomCell.swift */ = {isa = PBXFileReference; lastKnownFileType = sourcecode.swift; path = menuItemCustomCell.swift; sourceTree = "<group>"; };
		A9CF0E9C20FB7E0E00B6BFCB /* menuItemCustomCell.xib */ = {isa = PBXFileReference; lastKnownFileType = file.xib; path = menuItemCustomCell.xib; sourceTree = "<group>"; };
		A9E3AF0220C743220027BF06 /* RestaurantViewController.swift */ = {isa = PBXFileReference; lastKnownFileType = sourcecode.swift; path = RestaurantViewController.swift; sourceTree = "<group>"; };
		A9E3AF0420CB00970027BF06 /* RestaurantVisit.swift */ = {isa = PBXFileReference; lastKnownFileType = sourcecode.swift; path = RestaurantVisit.swift; sourceTree = "<group>"; };
		CFC3A796DB3C51727B13BFD2 /* Pods-mr0.debug.xcconfig */ = {isa = PBXFileReference; includeInIndex = 1; lastKnownFileType = text.xcconfig; name = "Pods-mr0.debug.xcconfig"; path = "Pods/Target Support Files/Pods-mr0/Pods-mr0.debug.xcconfig"; sourceTree = "<group>"; };
		D0AD3A1DA0C7C82A1861E97B /* Pods-mr0.release.xcconfig */ = {isa = PBXFileReference; includeInIndex = 1; lastKnownFileType = text.xcconfig; name = "Pods-mr0.release.xcconfig"; path = "Pods/Target Support Files/Pods-mr0/Pods-mr0.release.xcconfig"; sourceTree = "<group>"; };
/* End PBXFileReference section */

/* Begin PBXFrameworksBuildPhase section */
		A94EF9EC209E6A6800443AB3 /* Frameworks */ = {
			isa = PBXFrameworksBuildPhase;
			buildActionMask = 2147483647;
			files = (
				B2A991AA84B304D13F74C8E6 /* Pods_mr0.framework in Frameworks */,
			);
			runOnlyForDeploymentPostprocessing = 0;
		};
/* End PBXFrameworksBuildPhase section */

/* Begin PBXGroup section */
		0E90992E1B3E90F98010E0FB /* Pods */ = {
			isa = PBXGroup;
			children = (
				CFC3A796DB3C51727B13BFD2 /* Pods-mr0.debug.xcconfig */,
				D0AD3A1DA0C7C82A1861E97B /* Pods-mr0.release.xcconfig */,
			);
			name = Pods;
			sourceTree = "<group>";
		};
		0EA5649533FE3878A5A485A8 /* Frameworks */ = {
			isa = PBXGroup;
			children = (
				06DBC85C18745294B11BA196 /* Pods_mr0.framework */,
			);
			name = Frameworks;
			sourceTree = "<group>";
		};
		A94EF9E6209E6A6800443AB3 = {
			isa = PBXGroup;
			children = (
				A94EF9F1209E6A6800443AB3 /* mr0 */,
				A94EF9F0209E6A6800443AB3 /* Products */,
				0E90992E1B3E90F98010E0FB /* Pods */,
				0EA5649533FE3878A5A485A8 /* Frameworks */,
			);
			sourceTree = "<group>";
		};
		A94EF9F0209E6A6800443AB3 /* Products */ = {
			isa = PBXGroup;
			children = (
				A94EF9EF209E6A6800443AB3 /* mr0.app */,
			);
			name = Products;
			sourceTree = "<group>";
		};
		A94EF9F1209E6A6800443AB3 /* mr0 */ = {
			isa = PBXGroup;
			children = (
				A97688B920D6894A0032287D /* Controllers */,
				A97688B820D688D60032287D /* Models */,
				A97688BD20D689A70032287D /* Obsolete */,
				A97688BE20D68AA70032287D /* Supporting Files */,
				A97688BC20D6898B0032287D /* Views */,
				A94EF9F9209E6A6900443AB3 /* Assets.xcassets */,
				A9BCD13E20A794890083BBF7 /* GoogleService-Info.plist */,
			);
			path = mr0;
			sourceTree = "<group>";
		};
		A97688B820D688D60032287D /* Models */ = {
			isa = PBXGroup;
			children = (
				A947578420A7A0AF003FE19E /* Restaurant.swift */,
				A976F2D520B2024F00F3E604 /* Location.swift */,
				A9B2B1E520BC391400D5AB7F /* PhotoItem.swift */,
				A9E3AF0420CB00970027BF06 /* RestaurantVisit.swift */,
				A929283120D69EB80086EEEC /* Tag.swift */,
				A9356FD320E8403600D596C1 /* MenuItem.swift */,
			);
			path = Models;
			sourceTree = "<group>";
		};
		A97688B920D6894A0032287D /* Controllers */ = {
			isa = PBXGroup;
			children = (
				A903F93D20AA4FC300D94A14 /* CameraHandler.swift */,
				A9B5AF6C20CE19C200806F7B /* DatePickerViewController.swift */,
				A92E084F20C45051007217A5 /* LandingPageViewController.swift */,
				A947578820A7AB41003FE19E /* LoginViewController.swift */,
				A9356FD520E916A100D596C1 /* MenuItemViewController.swift */,
				A947578A20A7ABA3003FE19E /* RegisterViewController.swift */,
				A9356FD120E7CE2D00D596C1 /* RestaurantSummaryTVC.swift */,
				A9356FCD20E7CCE300D596C1 /* RestaurantVC.swift */,
				A97688B320D53F070032287D /* TagsViewController.swift */,
				A92A937B20F23F4E00EF8480 /* DBInterface.swift */,
			);
			path = Controllers;
			sourceTree = "<group>";
		};
		A97688BC20D6898B0032287D /* Views */ = {
			isa = PBXGroup;
			children = (
				A9CF0E9A20FB7DF300B6BFCB /* customMenuItemCell */,
				A94EF9F6209E6A6800443AB3 /* Main.storyboard */,
				A94EF9FB209E6A6900443AB3 /* LaunchScreen.storyboard */,
				A9B2B1E720BC3BB000D5AB7F /* PhotoItemTableViewCell.swift */,
			);
			path = Views;
			sourceTree = "<group>";
		};
		A97688BD20D689A70032287D /* Obsolete */ = {
			isa = PBXGroup;
			children = (
				A9BCD13C20A732BB0083BBF7 /* FoodTypeTableViewController.swift */,
				A96E1F1520B1A3580095C21E /* LocationTableViewController.swift */,
				A92E084D20C2CD46007217A5 /* MapViewController.swift */,
				A94EF9F4209E6A6800443AB3 /* MemoRappViewController.swift */,
				A9BCD13A20A71FD70083BBF7 /* RestaurantReviewViewController.swift */,
				A9B5AF6A20CDEB2600806F7B /* RestaurantTVC.swift */,
				A9E3AF0220C743220027BF06 /* RestaurantViewController.swift */,
			);
			path = Obsolete;
			sourceTree = "<group>";
		};
		A97688BE20D68AA70032287D /* Supporting Files */ = {
			isa = PBXGroup;
			children = (
				A94EF9F2209E6A6800443AB3 /* AppDelegate.swift */,
				A94EF9FE209E6A6900443AB3 /* Info.plist */,
				A93377CE20BA20E1003D95C5 /* xbutton.png */,
			);
			path = "Supporting Files";
			sourceTree = "<group>";
		};
		A9CF0E9A20FB7DF300B6BFCB /* customMenuItemCell */ = {
			isa = PBXGroup;
			children = (
				A9CF0E9B20FB7E0E00B6BFCB /* menuItemCustomCell.swift */,
				A9CF0E9C20FB7E0E00B6BFCB /* menuItemCustomCell.xib */,
			);
			path = customMenuItemCell;
			sourceTree = "<group>";
		};
/* End PBXGroup section */

/* Begin PBXNativeTarget section */
		A94EF9EE209E6A6800443AB3 /* mr0 */ = {
			isa = PBXNativeTarget;
			buildConfigurationList = A94EFA01209E6A6900443AB3 /* Build configuration list for PBXNativeTarget "mr0" */;
			buildPhases = (
				A2FC6A641ADA12E2371D4EC7 /* [CP] Check Pods Manifest.lock */,
				A94EF9EB209E6A6800443AB3 /* Sources */,
				A94EF9EC209E6A6800443AB3 /* Frameworks */,
				A94EF9ED209E6A6800443AB3 /* Resources */,
				5221BA62A32177F6C63ED263 /* [CP] Embed Pods Frameworks */,
				5E99B3470583E541D37BC073 /* [CP] Copy Pods Resources */,
			);
			buildRules = (
			);
			dependencies = (
			);
			name = mr0;
			productName = mr0;
			productReference = A94EF9EF209E6A6800443AB3 /* mr0.app */;
			productType = "com.apple.product-type.application";
		};
/* End PBXNativeTarget section */

/* Begin PBXProject section */
		A94EF9E7209E6A6800443AB3 /* Project object */ = {
			isa = PBXProject;
			attributes = {
				LastSwiftUpdateCheck = 0930;
				LastUpgradeCheck = 0930;
				ORGANIZATIONNAME = "Ted Shaffer";
				TargetAttributes = {
					A94EF9EE209E6A6800443AB3 = {
						CreatedOnToolsVersion = 9.3;
					};
				};
			};
			buildConfigurationList = A94EF9EA209E6A6800443AB3 /* Build configuration list for PBXProject "mr0" */;
			compatibilityVersion = "Xcode 9.3";
			developmentRegion = en;
			hasScannedForEncodings = 0;
			knownRegions = (
				en,
				Base,
			);
			mainGroup = A94EF9E6209E6A6800443AB3;
			productRefGroup = A94EF9F0209E6A6800443AB3 /* Products */;
			projectDirPath = "";
			projectRoot = "";
			targets = (
				A94EF9EE209E6A6800443AB3 /* mr0 */,
			);
		};
/* End PBXProject section */

/* Begin PBXResourcesBuildPhase section */
		A94EF9ED209E6A6800443AB3 /* Resources */ = {
			isa = PBXResourcesBuildPhase;
			buildActionMask = 2147483647;
			files = (
				A94EF9FD209E6A6900443AB3 /* LaunchScreen.storyboard in Resources */,
				A9BCD13F20A794890083BBF7 /* GoogleService-Info.plist in Resources */,
				A94EF9FA209E6A6900443AB3 /* Assets.xcassets in Resources */,
				A93377CF20BA20E1003D95C5 /* xbutton.png in Resources */,
				A9CF0E9E20FB7E0E00B6BFCB /* menuItemCustomCell.xib in Resources */,
				A94EF9F8209E6A6800443AB3 /* Main.storyboard in Resources */,
			);
			runOnlyForDeploymentPostprocessing = 0;
		};
/* End PBXResourcesBuildPhase section */

/* Begin PBXShellScriptBuildPhase section */
		5221BA62A32177F6C63ED263 /* [CP] Embed Pods Frameworks */ = {
			isa = PBXShellScriptBuildPhase;
			buildActionMask = 2147483647;
			files = (
			);
			inputPaths = (
				"${SRCROOT}/Pods/Target Support Files/Pods-mr0/Pods-mr0-frameworks.sh",
				"${BUILT_PRODUCTS_DIR}/Bolts/Bolts.framework",
				"${BUILT_PRODUCTS_DIR}/BoringSSL/openssl.framework",
				"${BUILT_PRODUCTS_DIR}/ChameleonFramework/ChameleonFramework.framework",
				"${BUILT_PRODUCTS_DIR}/FBSDKCoreKit/FBSDKCoreKit.framework",
				"${BUILT_PRODUCTS_DIR}/FBSDKLoginKit/FBSDKLoginKit.framework",
				"${BUILT_PRODUCTS_DIR}/GTMOAuth2/GTMOAuth2.framework",
				"${BUILT_PRODUCTS_DIR}/GTMSessionFetcher/GTMSessionFetcher.framework",
				"${BUILT_PRODUCTS_DIR}/GoogleToolboxForMac/GoogleToolboxForMac.framework",
				"${BUILT_PRODUCTS_DIR}/Protobuf/Protobuf.framework",
				"${BUILT_PRODUCTS_DIR}/SDWebImage/SDWebImage.framework",
				"${BUILT_PRODUCTS_DIR}/SVProgressHUD/SVProgressHUD.framework",
				"${PODS_ROOT}/TwitterCore/iOS/TwitterCore.framework",
				"${PODS_ROOT}/TwitterKit/iOS/TwitterKit.framework",
				"${BUILT_PRODUCTS_DIR}/gRPC/GRPCClient.framework",
				"${BUILT_PRODUCTS_DIR}/gRPC-Core/grpc.framework",
				"${BUILT_PRODUCTS_DIR}/gRPC-ProtoRPC/ProtoRPC.framework",
				"${BUILT_PRODUCTS_DIR}/gRPC-RxLibrary/RxLibrary.framework",
				"${BUILT_PRODUCTS_DIR}/leveldb-library/leveldb.framework",
				"${BUILT_PRODUCTS_DIR}/nanopb/nanopb.framework",
			);
			name = "[CP] Embed Pods Frameworks";
			outputPaths = (
				"${TARGET_BUILD_DIR}/${FRAMEWORKS_FOLDER_PATH}/Bolts.framework",
				"${TARGET_BUILD_DIR}/${FRAMEWORKS_FOLDER_PATH}/openssl.framework",
				"${TARGET_BUILD_DIR}/${FRAMEWORKS_FOLDER_PATH}/ChameleonFramework.framework",
				"${TARGET_BUILD_DIR}/${FRAMEWORKS_FOLDER_PATH}/FBSDKCoreKit.framework",
				"${TARGET_BUILD_DIR}/${FRAMEWORKS_FOLDER_PATH}/FBSDKLoginKit.framework",
				"${TARGET_BUILD_DIR}/${FRAMEWORKS_FOLDER_PATH}/GTMOAuth2.framework",
				"${TARGET_BUILD_DIR}/${FRAMEWORKS_FOLDER_PATH}/GTMSessionFetcher.framework",
				"${TARGET_BUILD_DIR}/${FRAMEWORKS_FOLDER_PATH}/GoogleToolboxForMac.framework",
				"${TARGET_BUILD_DIR}/${FRAMEWORKS_FOLDER_PATH}/Protobuf.framework",
				"${TARGET_BUILD_DIR}/${FRAMEWORKS_FOLDER_PATH}/SDWebImage.framework",
				"${TARGET_BUILD_DIR}/${FRAMEWORKS_FOLDER_PATH}/SVProgressHUD.framework",
				"${TARGET_BUILD_DIR}/${FRAMEWORKS_FOLDER_PATH}/TwitterCore.framework",
				"${TARGET_BUILD_DIR}/${FRAMEWORKS_FOLDER_PATH}/TwitterKit.framework",
				"${TARGET_BUILD_DIR}/${FRAMEWORKS_FOLDER_PATH}/GRPCClient.framework",
				"${TARGET_BUILD_DIR}/${FRAMEWORKS_FOLDER_PATH}/grpc.framework",
				"${TARGET_BUILD_DIR}/${FRAMEWORKS_FOLDER_PATH}/ProtoRPC.framework",
				"${TARGET_BUILD_DIR}/${FRAMEWORKS_FOLDER_PATH}/RxLibrary.framework",
				"${TARGET_BUILD_DIR}/${FRAMEWORKS_FOLDER_PATH}/leveldb.framework",
				"${TARGET_BUILD_DIR}/${FRAMEWORKS_FOLDER_PATH}/nanopb.framework",
			);
			runOnlyForDeploymentPostprocessing = 0;
			shellPath = /bin/sh;
			shellScript = "\"${SRCROOT}/Pods/Target Support Files/Pods-mr0/Pods-mr0-frameworks.sh\"\n";
			showEnvVarsInLog = 0;
		};
		5E99B3470583E541D37BC073 /* [CP] Copy Pods Resources */ = {
			isa = PBXShellScriptBuildPhase;
			buildActionMask = 2147483647;
			files = (
			);
			inputPaths = (
				"${SRCROOT}/Pods/Target Support Files/Pods-mr0/Pods-mr0-resources.sh",
				"${PODS_CONFIGURATION_BUILD_DIR}/FirebaseUI/FirebaseAuthUI.bundle",
				"${PODS_CONFIGURATION_BUILD_DIR}/FirebaseUI/FirebaseFacebookAuthUI.bundle",
				"${PODS_CONFIGURATION_BUILD_DIR}/FirebaseUI/FirebaseGoogleAuthUI.bundle",
				"${PODS_CONFIGURATION_BUILD_DIR}/FirebaseUI/FirebasePhoneAuthUI.bundle",
				"${PODS_CONFIGURATION_BUILD_DIR}/FirebaseUI/FirebaseTwitterAuthUI.bundle",
				"${PODS_ROOT}/GoogleMaps/Maps/Frameworks/GoogleMaps.framework/Versions/A/Resources/GoogleMaps.bundle",
				"${PODS_ROOT}/GooglePlacePicker/Frameworks/GooglePlacePicker.framework/Versions/A/Resources/GooglePlacePicker.bundle",
				"${PODS_ROOT}/GooglePlaces/Frameworks/GooglePlaces.framework/Versions/A/Resources/GooglePlaces.bundle",
				"${PODS_ROOT}/GoogleSignIn/Resources/GoogleSignIn.bundle",
				"${PODS_ROOT}/TwitterKit/iOS/TwitterKit.framework/TwitterKitResources.bundle",
				"${PODS_ROOT}/TwitterKit/iOS/TwitterKit.framework/TwitterShareExtensionUIResources.bundle",
			);
			name = "[CP] Copy Pods Resources";
			outputPaths = (
				"${TARGET_BUILD_DIR}/${UNLOCALIZED_RESOURCES_FOLDER_PATH}/FirebaseAuthUI.bundle",
				"${TARGET_BUILD_DIR}/${UNLOCALIZED_RESOURCES_FOLDER_PATH}/FirebaseFacebookAuthUI.bundle",
				"${TARGET_BUILD_DIR}/${UNLOCALIZED_RESOURCES_FOLDER_PATH}/FirebaseGoogleAuthUI.bundle",
				"${TARGET_BUILD_DIR}/${UNLOCALIZED_RESOURCES_FOLDER_PATH}/FirebasePhoneAuthUI.bundle",
				"${TARGET_BUILD_DIR}/${UNLOCALIZED_RESOURCES_FOLDER_PATH}/FirebaseTwitterAuthUI.bundle",
				"${TARGET_BUILD_DIR}/${UNLOCALIZED_RESOURCES_FOLDER_PATH}/GoogleMaps.bundle",
				"${TARGET_BUILD_DIR}/${UNLOCALIZED_RESOURCES_FOLDER_PATH}/GooglePlacePicker.bundle",
				"${TARGET_BUILD_DIR}/${UNLOCALIZED_RESOURCES_FOLDER_PATH}/GooglePlaces.bundle",
				"${TARGET_BUILD_DIR}/${UNLOCALIZED_RESOURCES_FOLDER_PATH}/GoogleSignIn.bundle",
				"${TARGET_BUILD_DIR}/${UNLOCALIZED_RESOURCES_FOLDER_PATH}/TwitterKitResources.bundle",
				"${TARGET_BUILD_DIR}/${UNLOCALIZED_RESOURCES_FOLDER_PATH}/TwitterShareExtensionUIResources.bundle",
			);
			runOnlyForDeploymentPostprocessing = 0;
			shellPath = /bin/sh;
			shellScript = "\"${SRCROOT}/Pods/Target Support Files/Pods-mr0/Pods-mr0-resources.sh\"\n";
			showEnvVarsInLog = 0;
		};
		A2FC6A641ADA12E2371D4EC7 /* [CP] Check Pods Manifest.lock */ = {
			isa = PBXShellScriptBuildPhase;
			buildActionMask = 2147483647;
			files = (
			);
			inputPaths = (
				"${PODS_PODFILE_DIR_PATH}/Podfile.lock",
				"${PODS_ROOT}/Manifest.lock",
			);
			name = "[CP] Check Pods Manifest.lock";
			outputPaths = (
				"$(DERIVED_FILE_DIR)/Pods-mr0-checkManifestLockResult.txt",
			);
			runOnlyForDeploymentPostprocessing = 0;
			shellPath = /bin/sh;
			shellScript = "diff \"${PODS_PODFILE_DIR_PATH}/Podfile.lock\" \"${PODS_ROOT}/Manifest.lock\" > /dev/null\nif [ $? != 0 ] ; then\n    # print error to STDERR\n    echo \"error: The sandbox is not in sync with the Podfile.lock. Run 'pod install' or update your CocoaPods installation.\" >&2\n    exit 1\nfi\n# This output is used by Xcode 'outputs' to avoid re-running this script phase.\necho \"SUCCESS\" > \"${SCRIPT_OUTPUT_FILE_0}\"\n";
			showEnvVarsInLog = 0;
		};
/* End PBXShellScriptBuildPhase section */

/* Begin PBXSourcesBuildPhase section */
		A94EF9EB209E6A6800443AB3 /* Sources */ = {
			isa = PBXSourcesBuildPhase;
			buildActionMask = 2147483647;
			files = (
				A9356FD420E8403600D596C1 /* MenuItem.swift in Sources */,
				A9356FCE20E7CCE300D596C1 /* RestaurantVC.swift in Sources */,
				A947578920A7AB41003FE19E /* LoginViewController.swift in Sources */,
				A9E3AF0320C743220027BF06 /* RestaurantViewController.swift in Sources */,
				A9B5AF6D20CE19C200806F7B /* DatePickerViewController.swift in Sources */,
				A947578520A7A0AF003FE19E /* Restaurant.swift in Sources */,
				A9B2B1E620BC391400D5AB7F /* PhotoItem.swift in Sources */,
				A976F2D620B2024F00F3E604 /* Location.swift in Sources */,
				A9CF0E9D20FB7E0E00B6BFCB /* menuItemCustomCell.swift in Sources */,
				A96E1F1620B1A3580095C21E /* LocationTableViewController.swift in Sources */,
				A9B5AF6B20CDEB2600806F7B /* RestaurantTVC.swift in Sources */,
				A947578B20A7ABA3003FE19E /* RegisterViewController.swift in Sources */,
				A92E084E20C2CD46007217A5 /* MapViewController.swift in Sources */,
				A9E3AF0520CB00970027BF06 /* RestaurantVisit.swift in Sources */,
				A94EF9F5209E6A6800443AB3 /* MemoRappViewController.swift in Sources */,
				A929283220D69EB80086EEEC /* Tag.swift in Sources */,
				A9B2B1E820BC3BB000D5AB7F /* PhotoItemTableViewCell.swift in Sources */,
				A92E085020C45051007217A5 /* LandingPageViewController.swift in Sources */,
				A9BCD13B20A71FD70083BBF7 /* RestaurantReviewViewController.swift in Sources */,
				A9356FD620E916A100D596C1 /* MenuItemViewController.swift in Sources */,
				A92A937C20F23F4E00EF8480 /* DBInterface.swift in Sources */,
				A9356FD220E7CE2D00D596C1 /* RestaurantSummaryTVC.swift in Sources */,
				A903F93E20AA4FC300D94A14 /* CameraHandler.swift in Sources */,
				A97688B420D53F070032287D /* TagsViewController.swift in Sources */,
				A9BCD13D20A732BB0083BBF7 /* FoodTypeTableViewController.swift in Sources */,
				A94EF9F3209E6A6800443AB3 /* AppDelegate.swift in Sources */,
			);
			runOnlyForDeploymentPostprocessing = 0;
		};
/* End PBXSourcesBuildPhase section */

/* Begin PBXVariantGroup section */
		A94EF9F6209E6A6800443AB3 /* Main.storyboard */ = {
			isa = PBXVariantGroup;
			children = (
				A94EF9F7209E6A6800443AB3 /* Base */,
			);
			name = Main.storyboard;
			sourceTree = "<group>";
		};
		A94EF9FB209E6A6900443AB3 /* LaunchScreen.storyboard */ = {
			isa = PBXVariantGroup;
			children = (
				A94EF9FC209E6A6900443AB3 /* Base */,
			);
			name = LaunchScreen.storyboard;
			sourceTree = "<group>";
		};
/* End PBXVariantGroup section */

/* Begin XCBuildConfiguration section */
		A94EF9FF209E6A6900443AB3 /* Debug */ = {
			isa = XCBuildConfiguration;
			buildSettings = {
				ALWAYS_SEARCH_USER_PATHS = NO;
				CLANG_ANALYZER_NONNULL = YES;
				CLANG_ANALYZER_NUMBER_OBJECT_CONVERSION = YES_AGGRESSIVE;
				CLANG_CXX_LANGUAGE_STANDARD = "gnu++14";
				CLANG_CXX_LIBRARY = "libc++";
				CLANG_ENABLE_MODULES = YES;
				CLANG_ENABLE_OBJC_ARC = YES;
				CLANG_ENABLE_OBJC_WEAK = YES;
				CLANG_WARN_BLOCK_CAPTURE_AUTORELEASING = YES;
				CLANG_WARN_BOOL_CONVERSION = YES;
				CLANG_WARN_COMMA = YES;
				CLANG_WARN_CONSTANT_CONVERSION = YES;
				CLANG_WARN_DEPRECATED_OBJC_IMPLEMENTATIONS = YES;
				CLANG_WARN_DIRECT_OBJC_ISA_USAGE = YES_ERROR;
				CLANG_WARN_DOCUMENTATION_COMMENTS = YES;
				CLANG_WARN_EMPTY_BODY = YES;
				CLANG_WARN_ENUM_CONVERSION = YES;
				CLANG_WARN_INFINITE_RECURSION = YES;
				CLANG_WARN_INT_CONVERSION = YES;
				CLANG_WARN_NON_LITERAL_NULL_CONVERSION = YES;
				CLANG_WARN_OBJC_IMPLICIT_RETAIN_SELF = YES;
				CLANG_WARN_OBJC_LITERAL_CONVERSION = YES;
				CLANG_WARN_OBJC_ROOT_CLASS = YES_ERROR;
				CLANG_WARN_RANGE_LOOP_ANALYSIS = YES;
				CLANG_WARN_STRICT_PROTOTYPES = YES;
				CLANG_WARN_SUSPICIOUS_MOVE = YES;
				CLANG_WARN_UNGUARDED_AVAILABILITY = YES_AGGRESSIVE;
				CLANG_WARN_UNREACHABLE_CODE = YES;
				CLANG_WARN__DUPLICATE_METHOD_MATCH = YES;
				CODE_SIGN_IDENTITY = "iPhone Developer";
				COPY_PHASE_STRIP = NO;
				DEBUG_INFORMATION_FORMAT = dwarf;
				ENABLE_STRICT_OBJC_MSGSEND = YES;
				ENABLE_TESTABILITY = YES;
				GCC_C_LANGUAGE_STANDARD = gnu11;
				GCC_DYNAMIC_NO_PIC = NO;
				GCC_NO_COMMON_BLOCKS = YES;
				GCC_OPTIMIZATION_LEVEL = 0;
				GCC_PREPROCESSOR_DEFINITIONS = (
					"DEBUG=1",
					"$(inherited)",
				);
				GCC_WARN_64_TO_32_BIT_CONVERSION = YES;
				GCC_WARN_ABOUT_RETURN_TYPE = YES_ERROR;
				GCC_WARN_UNDECLARED_SELECTOR = YES;
				GCC_WARN_UNINITIALIZED_AUTOS = YES_AGGRESSIVE;
				GCC_WARN_UNUSED_FUNCTION = YES;
				GCC_WARN_UNUSED_VARIABLE = YES;
				IPHONEOS_DEPLOYMENT_TARGET = 11.3;
				MTL_ENABLE_DEBUG_INFO = YES;
				ONLY_ACTIVE_ARCH = YES;
				SDKROOT = iphoneos;
				SWIFT_ACTIVE_COMPILATION_CONDITIONS = DEBUG;
				SWIFT_OPTIMIZATION_LEVEL = "-Onone";
			};
			name = Debug;
		};
		A94EFA00209E6A6900443AB3 /* Release */ = {
			isa = XCBuildConfiguration;
			buildSettings = {
				ALWAYS_SEARCH_USER_PATHS = NO;
				CLANG_ANALYZER_NONNULL = YES;
				CLANG_ANALYZER_NUMBER_OBJECT_CONVERSION = YES_AGGRESSIVE;
				CLANG_CXX_LANGUAGE_STANDARD = "gnu++14";
				CLANG_CXX_LIBRARY = "libc++";
				CLANG_ENABLE_MODULES = YES;
				CLANG_ENABLE_OBJC_ARC = YES;
				CLANG_ENABLE_OBJC_WEAK = YES;
				CLANG_WARN_BLOCK_CAPTURE_AUTORELEASING = YES;
				CLANG_WARN_BOOL_CONVERSION = YES;
				CLANG_WARN_COMMA = YES;
				CLANG_WARN_CONSTANT_CONVERSION = YES;
				CLANG_WARN_DEPRECATED_OBJC_IMPLEMENTATIONS = YES;
				CLANG_WARN_DIRECT_OBJC_ISA_USAGE = YES_ERROR;
				CLANG_WARN_DOCUMENTATION_COMMENTS = YES;
				CLANG_WARN_EMPTY_BODY = YES;
				CLANG_WARN_ENUM_CONVERSION = YES;
				CLANG_WARN_INFINITE_RECURSION = YES;
				CLANG_WARN_INT_CONVERSION = YES;
				CLANG_WARN_NON_LITERAL_NULL_CONVERSION = YES;
				CLANG_WARN_OBJC_IMPLICIT_RETAIN_SELF = YES;
				CLANG_WARN_OBJC_LITERAL_CONVERSION = YES;
				CLANG_WARN_OBJC_ROOT_CLASS = YES_ERROR;
				CLANG_WARN_RANGE_LOOP_ANALYSIS = YES;
				CLANG_WARN_STRICT_PROTOTYPES = YES;
				CLANG_WARN_SUSPICIOUS_MOVE = YES;
				CLANG_WARN_UNGUARDED_AVAILABILITY = YES_AGGRESSIVE;
				CLANG_WARN_UNREACHABLE_CODE = YES;
				CLANG_WARN__DUPLICATE_METHOD_MATCH = YES;
				CODE_SIGN_IDENTITY = "iPhone Developer";
				COPY_PHASE_STRIP = NO;
				DEBUG_INFORMATION_FORMAT = "dwarf-with-dsym";
				ENABLE_NS_ASSERTIONS = NO;
				ENABLE_STRICT_OBJC_MSGSEND = YES;
				GCC_C_LANGUAGE_STANDARD = gnu11;
				GCC_NO_COMMON_BLOCKS = YES;
				GCC_WARN_64_TO_32_BIT_CONVERSION = YES;
				GCC_WARN_ABOUT_RETURN_TYPE = YES_ERROR;
				GCC_WARN_UNDECLARED_SELECTOR = YES;
				GCC_WARN_UNINITIALIZED_AUTOS = YES_AGGRESSIVE;
				GCC_WARN_UNUSED_FUNCTION = YES;
				GCC_WARN_UNUSED_VARIABLE = YES;
				IPHONEOS_DEPLOYMENT_TARGET = 11.3;
				MTL_ENABLE_DEBUG_INFO = NO;
				SDKROOT = iphoneos;
				SWIFT_COMPILATION_MODE = wholemodule;
				SWIFT_OPTIMIZATION_LEVEL = "-O";
				VALIDATE_PRODUCT = YES;
			};
			name = Release;
		};
		A94EFA02209E6A6900443AB3 /* Debug */ = {
			isa = XCBuildConfiguration;
			baseConfigurationReference = CFC3A796DB3C51727B13BFD2 /* Pods-mr0.debug.xcconfig */;
			buildSettings = {
				ASSETCATALOG_COMPILER_APPICON_NAME = AppIcon;
				CODE_SIGN_STYLE = Automatic;
				DEVELOPMENT_TEAM = SNCCBFHL45;
				INFOPLIST_FILE = mr0/Info.plist;
				LD_RUNPATH_SEARCH_PATHS = (
					"$(inherited)",
					"@executable_path/Frameworks",
				);
				PRODUCT_BUNDLE_IDENTIFIER = com.tedashaffer.mr0;
				PRODUCT_NAME = "$(TARGET_NAME)";
				SWIFT_VERSION = 4.0;
				TARGETED_DEVICE_FAMILY = "1,2";
			};
			name = Debug;
		};
		A94EFA03209E6A6900443AB3 /* Release */ = {
			isa = XCBuildConfiguration;
			baseConfigurationReference = D0AD3A1DA0C7C82A1861E97B /* Pods-mr0.release.xcconfig */;
			buildSettings = {
				ASSETCATALOG_COMPILER_APPICON_NAME = AppIcon;
				CODE_SIGN_STYLE = Automatic;
				DEVELOPMENT_TEAM = SNCCBFHL45;
				INFOPLIST_FILE = mr0/Info.plist;
				LD_RUNPATH_SEARCH_PATHS = (
					"$(inherited)",
					"@executable_path/Frameworks",
				);
				PRODUCT_BUNDLE_IDENTIFIER = com.tedashaffer.mr0;
				PRODUCT_NAME = "$(TARGET_NAME)";
				SWIFT_VERSION = 4.0;
				TARGETED_DEVICE_FAMILY = "1,2";
			};
			name = Release;
		};
/* End XCBuildConfiguration section */

/* Begin XCConfigurationList section */
		A94EF9EA209E6A6800443AB3 /* Build configuration list for PBXProject "mr0" */ = {
			isa = XCConfigurationList;
			buildConfigurations = (
				A94EF9FF209E6A6900443AB3 /* Debug */,
				A94EFA00209E6A6900443AB3 /* Release */,
			);
			defaultConfigurationIsVisible = 0;
			defaultConfigurationName = Release;
		};
		A94EFA01209E6A6900443AB3 /* Build configuration list for PBXNativeTarget "mr0" */ = {
			isa = XCConfigurationList;
			buildConfigurations = (
				A94EFA02209E6A6900443AB3 /* Debug */,
				A94EFA03209E6A6900443AB3 /* Release */,
			);
			defaultConfigurationIsVisible = 0;
			defaultConfigurationName = Release;
		};
/* End XCConfigurationList section */
	};
	rootObject = A94EF9E7209E6A6800443AB3 /* Project object */;
}
